// !$*UTF8*$!
{
	archiveVersion = 1;
	classes = {
	};
	objectVersion = 46;
	objects = {

/* Begin PBXBuildFile section */
		8AFFD31C1E5EA0350035B9D2 /* main.cpp in Sources */ = {isa = PBXBuildFile; fileRef = 8AFFD31B1E5EA0350035B9D2 /* main.cpp */; };
		8AFFD3261E5EA8D00035B9D2 /* Directory_Entry.cpp in Sources */ = {isa = PBXBuildFile; fileRef = 8AFFD3251E5EA8D00035B9D2 /* Directory_Entry.cpp */; };
		8AFFD3281E5EAE1B0035B9D2 /* Array_Based_PD.cpp in Sources */ = {isa = PBXBuildFile; fileRef = 8AFFD3271E5EAE1B0035B9D2 /* Array_Based_PD.cpp */; };
		8AFFD32B1E5EBAD30035B9D2 /* PD_Application.cpp in Sources */ = {isa = PBXBuildFile; fileRef = 8AFFD3291E5EBAD30035B9D2 /* PD_Application.cpp */; };
/* End PBXBuildFile section */

/* Begin PBXCopyFilesBuildPhase section */
		8AFFD3161E5EA0340035B9D2 /* CopyFiles */ = {
			isa = PBXCopyFilesBuildPhase;
			buildActionMask = 2147483647;
			dstPath = /usr/share/man/man1/;
			dstSubfolderSpec = 0;
			files = (
			);
			runOnlyForDeploymentPostprocessing = 1;
		};
/* End PBXCopyFilesBuildPhase section */

/* Begin PBXFileReference section */
		8AFFD3181E5EA0350035B9D2 /* HW2 */ = {isa = PBXFileReference; explicitFileType = "compiled.mach-o.executable"; includeInIndex = 0; path = HW2; sourceTree = BUILT_PRODUCTS_DIR; };
		8AFFD31B1E5EA0350035B9D2 /* main.cpp */ = {isa = PBXFileReference; lastKnownFileType = sourcecode.cpp.cpp; path = main.cpp; sourceTree = "<group>"; };
		8AFFD3221E5EA3160035B9D2 /* Phone_Directory.hpp */ = {isa = PBXFileReference; lastKnownFileType = sourcecode.cpp.h; path = Phone_Directory.hpp; sourceTree = "<group>"; };
		8AFFD3231E5EA5640035B9D2 /* Array_Based_PD.hpp */ = {isa = PBXFileReference; lastKnownFileType = sourcecode.cpp.h; path = Array_Based_PD.hpp; sourceTree = "<group>"; };
		8AFFD3241E5EA7AD0035B9D2 /* Directory_Entry.hpp */ = {isa = PBXFileReference; lastKnownFileType = sourcecode.cpp.h; path = Directory_Entry.hpp; sourceTree = "<group>"; };
		8AFFD3251E5EA8D00035B9D2 /* Directory_Entry.cpp */ = {isa = PBXFileReference; fileEncoding = 4; lastKnownFileType = sourcecode.cpp.cpp; path = Directory_Entry.cpp; sourceTree = "<group>"; };
		8AFFD3271E5EAE1B0035B9D2 /* Array_Based_PD.cpp */ = {isa = PBXFileReference; fileEncoding = 4; lastKnownFileType = sourcecode.cpp.cpp; path = Array_Based_PD.cpp; sourceTree = "<group>"; };
		8AFFD3291E5EBAD30035B9D2 /* PD_Application.cpp */ = {isa = PBXFileReference; fileEncoding = 4; lastKnownFileType = sourcecode.cpp.cpp; path = PD_Application.cpp; sourceTree = "<group>"; };
		8AFFD32A1E5EBAD30035B9D2 /* PD_Application.hpp */ = {isa = PBXFileReference; fileEncoding = 4; lastKnownFileType = sourcecode.cpp.h; path = PD_Application.hpp; sourceTree = "<group>"; };
/* End PBXFileReference section */

/* Begin PBXFrameworksBuildPhase section */
		8AFFD3151E5EA0340035B9D2 /* Frameworks */ = {
			isa = PBXFrameworksBuildPhase;
			buildActionMask = 2147483647;
			files = (
			);
			runOnlyForDeploymentPostprocessing = 0;
		};
/* End PBXFrameworksBuildPhase section */

/* Begin PBXGroup section */
		8AFFD30F1E5EA0340035B9D2 = {
			isa = PBXGroup;
			children = (
				8AFFD31A1E5EA0350035B9D2 /* HW2 */,
				8AFFD3191E5EA0350035B9D2 /* Products */,
			);
			sourceTree = "<group>";
		};
		8AFFD3191E5EA0350035B9D2 /* Products */ = {
			isa = PBXGroup;
			children = (
				8AFFD3181E5EA0350035B9D2 /* HW2 */,
			);
			name = Products;
			sourceTree = "<group>";
		};
		8AFFD31A1E5EA0350035B9D2 /* HW2 */ = {
			isa = PBXGroup;
			children = (
				8AFFD31B1E5EA0350035B9D2 /* main.cpp */,
				8AFFD3221E5EA3160035B9D2 /* Phone_Directory.hpp */,
				8AFFD3271E5EAE1B0035B9D2 /* Array_Based_PD.cpp */,
				8AFFD3231E5EA5640035B9D2 /* Array_Based_PD.hpp */,
				8AFFD3291E5EBAD30035B9D2 /* PD_Application.cpp */,
				8AFFD32A1E5EBAD30035B9D2 /* PD_Application.hpp */,
				8AFFD3251E5EA8D00035B9D2 /* Directory_Entry.cpp */,
				8AFFD3241E5EA7AD0035B9D2 /* Directory_Entry.hpp */,
			);
			path = HW2;
			sourceTree = "<group>";
		};
/* End PBXGroup section */

/* Begin PBXNativeTarget section */
		8AFFD3171E5EA0340035B9D2 /* HW2 */ = {
			isa = PBXNativeTarget;
			buildConfigurationList = 8AFFD31F1E5EA0350035B9D2 /* Build configuration list for PBXNativeTarget "HW2" */;
			buildPhases = (
				8AFFD3141E5EA0340035B9D2 /* Sources */,
				8AFFD3151E5EA0340035B9D2 /* Frameworks */,
				8AFFD3161E5EA0340035B9D2 /* CopyFiles */,
			);
			buildRules = (
			);
			dependencies = (
			);
			name = HW2;
			productName = HW2;
			productReference = 8AFFD3181E5EA0350035B9D2 /* HW2 */;
			productType = "com.apple.product-type.tool";
		};
/* End PBXNativeTarget section */

/* Begin PBXProject section */
		8AFFD3101E5EA0340035B9D2 /* Project object */ = {
			isa = PBXProject;
			attributes = {
				LastUpgradeCheck = 0820;
				ORGANIZATIONNAME = Josiah;
				TargetAttributes = {
					8AFFD3171E5EA0340035B9D2 = {
						CreatedOnToolsVersion = 8.2.1;
						ProvisioningStyle = Automatic;
					};
				};
			};
			buildConfigurationList = 8AFFD3131E5EA0340035B9D2 /* Build configuration list for PBXProject "HW2" */;
			compatibilityVersion = "Xcode 3.2";
			developmentRegion = English;
			hasScannedForEncodings = 0;
			knownRegions = (
				en,
			);
			mainGroup = 8AFFD30F1E5EA0340035B9D2;
			productRefGroup = 8AFFD3191E5EA0350035B9D2 /* Products */;
			projectDirPath = "";
			projectRoot = "";
			targets = (
				8AFFD3171E5EA0340035B9D2 /* HW2 */,
			);
		};
/* End PBXProject section */

/* Begin PBXSourcesBuildPhase section */
		8AFFD3141E5EA0340035B9D2 /* Sources */ = {
			isa = PBXSourcesBuildPhase;
			buildActionMask = 2147483647;
			files = (
				8AFFD3281E5EAE1B0035B9D2 /* Array_Based_PD.cpp in Sources */,
				8AFFD3261E5EA8D00035B9D2 /* Directory_Entry.cpp in Sources */,
				8AFFD32B1E5EBAD30035B9D2 /* PD_Application.cpp in Sources */,
				8AFFD31C1E5EA0350035B9D2 /* main.cpp in Sources */,
			);
			runOnlyForDeploymentPostprocessing = 0;
		};
/* End PBXSourcesBuildPhase section */

/* Begin XCBuildConfiguration section */
		8AFFD31D1E5EA0350035B9D2 /* Debug */ = {
			isa = XCBuildConfiguration;
			buildSettings = {
				ALWAYS_SEARCH_USER_PATHS = NO;
				CLANG_ANALYZER_NONNULL = YES;
				CLANG_CXX_LANGUAGE_STANDARD = "gnu++0x";
				CLANG_CXX_LIBRARY = "libc++";
				CLANG_ENABLE_MODULES = YES;
				CLANG_ENABLE_OBJC_ARC = YES;
				CLANG_WARN_BOOL_CONVERSION = YES;
				CLANG_WARN_CONSTANT_CONVERSION = YES;
				CLANG_WARN_DIRECT_OBJC_ISA_USAGE = YES_ERROR;
				CLANG_WARN_DOCUMENTATION_COMMENTS = YES;
				CLANG_WARN_EMPTY_BODY = YES;
				CLANG_WARN_ENUM_CONVERSION = YES;
				CLANG_WARN_INFINITE_RECURSION = YES;
				CLANG_WARN_INT_CONVERSION = YES;
				CLANG_WARN_OBJC_ROOT_CLASS = YES_ERROR;
				CLANG_WARN_SUSPICIOUS_MOVE = YES;
				CLANG_WARN_UNREACHABLE_CODE = YES;
				CLANG_WARN__DUPLICATE_METHOD_MATCH = YES;
				CODE_SIGN_IDENTITY = "-";
				COPY_PHASE_STRIP = NO;
				DEBUG_INFORMATION_FORMAT = dwarf;
				ENABLE_STRICT_OBJC_MSGSEND = YES;
				ENABLE_TESTABILITY = YES;
				GCC_C_LANGUAGE_STANDARD = gnu99;
				GCC_DYNAMIC_NO_PIC = NO;
				GCC_NO_COMMON_BLOCKS = YES;
				GCC_OPTIMIZATION_LEVEL = 0;
				GCC_PREPROCESSOR_DEFINITIONS = (
					"DEBUG=1",
					"$(inherited)",
				);
				GCC_WARN_64_TO_32_BIT_CONVERSION = YES;
				GCC_WARN_ABOUT_RETURN_TYPE = YES_ERROR;
				GCC_WARN_UNDECLARED_SELECTOR = YES;
				GCC_WARN_UNINITIALIZED_AUTOS = YES_AGGRESSIVE;
				GCC_WARN_UNUSED_FUNCTION = YES;
				GCC_WARN_UNUSED_VARIABLE = YES;
				MACOSX_DEPLOYMENT_TARGET = 10.11;
				MTL_ENABLE_DEBUG_INFO = YES;
				ONLY_ACTIVE_ARCH = YES;
				SDKROOT = macosx;
			};
			name = Debug;
		};
		8AFFD31E1E5EA0350035B9D2 /* Release */ = {
			isa = XCBuildConfiguration;
			buildSettings = {
				ALWAYS_SEARCH_USER_PATHS = NO;
				CLANG_ANALYZER_NONNULL = YES;
				CLANG_CXX_LANGUAGE_STANDARD = "gnu++0x";
				CLANG_CXX_LIBRARY = "libc++";
				CLANG_ENABLE_MODULES = YES;
				CLANG_ENABLE_OBJC_ARC = YES;
				CLANG_WARN_BOOL_CONVERSION = YES;
				CLANG_WARN_CONSTANT_CONVERSION = YES;
				CLANG_WARN_DIRECT_OBJC_ISA_USAGE = YES_ERROR;
				CLANG_WARN_DOCUMENTATION_COMMENTS = YES;
				CLANG_WARN_EMPTY_BODY = YES;
				CLANG_WARN_ENUM_CONVERSION = YES;
				CLANG_WARN_INFINITE_RECURSION = YES;
				CLANG_WARN_INT_CONVERSION = YES;
				CLANG_WARN_OBJC_ROOT_CLASS = YES_ERROR;
				CLANG_WARN_SUSPICIOUS_MOVE = YES;
				CLANG_WARN_UNREACHABLE_CODE = YES;
				CLANG_WARN__DUPLICATE_METHOD_MATCH = YES;
				CODE_SIGN_IDENTITY = "-";
				COPY_PHASE_STRIP = NO;
				DEBUG_INFORMATION_FORMAT = "dwarf-with-dsym";
				ENABLE_NS_ASSERTIONS = NO;
				ENABLE_STRICT_OBJC_MSGSEND = YES;
				GCC_C_LANGUAGE_STANDARD = gnu99;
				GCC_NO_COMMON_BLOCKS = YES;
				GCC_WARN_64_TO_32_BIT_CONVERSION = YES;
				GCC_WARN_ABOUT_RETURN_TYPE = YES_ERROR;
				GCC_WARN_UNDECLARED_SELECTOR = YES;
				GCC_WARN_UNINITIALIZED_AUTOS = YES_AGGRESSIVE;
				GCC_WARN_UNUSED_FUNCTION = YES;
				GCC_WARN_UNUSED_VARIABLE = YES;
				MACOSX_DEPLOYMENT_TARGET = 10.11;
				MTL_ENABLE_DEBUG_INFO = NO;
				SDKROOT = macosx;
			};
			name = Release;
		};
		8AFFD3201E5EA0350035B9D2 /* Debug */ = {
			isa = XCBuildConfiguration;
			buildSettings = {
				PRODUCT_NAME = "$(TARGET_NAME)";
			};
			name = Debug;
		};
		8AFFD3211E5EA0350035B9D2 /* Release */ = {
			isa = XCBuildConfiguration;
			buildSettings = {
				PRODUCT_NAME = "$(TARGET_NAME)";
			};
			name = Release;
		};
/* End XCBuildConfiguration section */

/* Begin XCConfigurationList section */
		8AFFD3131E5EA0340035B9D2 /* Build configuration list for PBXProject "HW2" */ = {
			isa = XCConfigurationList;
			buildConfigurations = (
				8AFFD31D1E5EA0350035B9D2 /* Debug */,
				8AFFD31E1E5EA0350035B9D2 /* Release */,
			);
			defaultConfigurationIsVisible = 0;
			defaultConfigurationName = Release;
		};
		8AFFD31F1E5EA0350035B9D2 /* Build configuration list for PBXNativeTarget "HW2" */ = {
			isa = XCConfigurationList;
			buildConfigurations = (
				8AFFD3201E5EA0350035B9D2 /* Debug */,
				8AFFD3211E5EA0350035B9D2 /* Release */,
			);
			defaultConfigurationIsVisible = 0;
		};
/* End XCConfigurationList section */
	};
	rootObject = 8AFFD3101E5EA0340035B9D2 /* Project object */;
}
